Microsoft Visual Studio Solution File, Format Version 12.00
# Visual Studio Version 17
VisualStudioVersion = 17.0.31903.59
MinimumVisualStudioVersion = 10.0.40219.1
Project("{80471DA2-C56B-40B1-8C62-FAD2B2034891}") = "Project_31855d2ca23046df824e4a158bc24a3e_20250606142046774972", "Project_31855d2ca23046df824e4a158bc24a3e_20250606142046774972.csproj", "{80471DA2-C56B-40B1-8C62-FAD2B2034891}"
EndProject
Global
    GlobalSection(SolutionConfigurationPlatforms) = preSolution
        Debug|Any CPU = Debug|Any CPU
        Release|Any CPU = Release|Any CPU
    EndGlobalSection
    GlobalSection(ProjectConfigurationPlatforms) = postSolution
        {80471DA2-C56B-40B1-8C62-FAD2B2034891}.Debug|Any CPU.ActiveCfg = Debug|Any CPU
        {80471DA2-C56B-40B1-8C62-FAD2B2034891}.Debug|Any CPU.Build.0 = Debug|Any CPU
        {80471DA2-C56B-40B1-8C62-FAD2B2034891}.Release|Any CPU.ActiveCfg = Release|Any CPU
        {80471DA2-C56B-40B1-8C62-FAD2B2034891}.Release|Any CPU.Build.0 = Release|Any CPU
    EndGlobalSection
EndGlobal